// !$*UTF8*$!
{
	archiveVersion = 1;
	classes = {
	};
	objectVersion = 46;
	objects = {

/* Begin PBXBuildFile section */
		A9E83A6F1A1E824000772103 /* main.m in Sources */ = {isa = PBXBuildFile; fileRef = A9E83A6E1A1E824000772103 /* main.m */; };
		A9E83A721A1E824000772103 /* AppDelegate.m in Sources */ = {isa = PBXBuildFile; fileRef = A9E83A711A1E824000772103 /* AppDelegate.m */; };
		A9E83A751A1E824000772103 /* MasterViewController.m in Sources */ = {isa = PBXBuildFile; fileRef = A9E83A741A1E824000772103 /* MasterViewController.m */; };
		A9E83A781A1E824000772103 /* DetailViewController.m in Sources */ = {isa = PBXBuildFile; fileRef = A9E83A771A1E824000772103 /* DetailViewController.m */; };
		A9E83A7B1A1E824000772103 /* Main.storyboard in Resources */ = {isa = PBXBuildFile; fileRef = A9E83A791A1E824000772103 /* Main.storyboard */; };
		A9E83A7D1A1E824000772103 /* Images.xcassets in Resources */ = {isa = PBXBuildFile; fileRef = A9E83A7C1A1E824000772103 /* Images.xcassets */; };
		A9E83A801A1E824000772103 /* LaunchScreen.xib in Resources */ = {isa = PBXBuildFile; fileRef = A9E83A7E1A1E824000772103 /* LaunchScreen.xib */; };
		A9E83A8C1A1E824000772103 /* AMLaTorreTests.m in Sources */ = {isa = PBXBuildFile; fileRef = A9E83A8B1A1E824000772103 /* AMLaTorreTests.m */; };
		A9E83A991A1E877700772103 /* List.m in Sources */ = {isa = PBXBuildFile; fileRef = A9E83A981A1E877700772103 /* List.m */; };
		A9E83A9C1A1E884900772103 /* Parser.m in Sources */ = {isa = PBXBuildFile; fileRef = A9E83A9B1A1E884900772103 /* Parser.m */; };
		A9E83A9E1A1E90DF00772103 /* data.xml in Resources */ = {isa = PBXBuildFile; fileRef = A9E83A9D1A1E90DF00772103 /* data.xml */; };
/* End PBXBuildFile section */

/* Begin PBXContainerItemProxy section */
		A9E83A861A1E824000772103 /* PBXContainerItemProxy */ = {
			isa = PBXContainerItemProxy;
			containerPortal = A9E83A611A1E824000772103 /* Project object */;
			proxyType = 1;
			remoteGlobalIDString = A9E83A681A1E824000772103;
			remoteInfo = AMLaTorre;
		};
/* End PBXContainerItemProxy section */

/* Begin PBXFileReference section */
		A9E83A691A1E824000772103 /* AMLaTorre.app */ = {isa = PBXFileReference; explicitFileType = wrapper.application; includeInIndex = 0; path = AMLaTorre.app; sourceTree = BUILT_PRODUCTS_DIR; };
		A9E83A6D1A1E824000772103 /* Info.plist */ = {isa = PBXFileReference; lastKnownFileType = text.plist.xml; path = Info.plist; sourceTree = "<group>"; };
		A9E83A6E1A1E824000772103 /* main.m */ = {isa = PBXFileReference; lastKnownFileType = sourcecode.c.objc; path = main.m; sourceTree = "<group>"; };
		A9E83A701A1E824000772103 /* AppDelegate.h */ = {isa = PBXFileReference; lastKnownFileType = sourcecode.c.h; path = AppDelegate.h; sourceTree = "<group>"; };
		A9E83A711A1E824000772103 /* AppDelegate.m */ = {isa = PBXFileReference; lastKnownFileType = sourcecode.c.objc; path = AppDelegate.m; sourceTree = "<group>"; };
		A9E83A731A1E824000772103 /* MasterViewController.h */ = {isa = PBXFileReference; lastKnownFileType = sourcecode.c.h; path = MasterViewController.h; sourceTree = "<group>"; };
		A9E83A741A1E824000772103 /* MasterViewController.m */ = {isa = PBXFileReference; lastKnownFileType = sourcecode.c.objc; path = MasterViewController.m; sourceTree = "<group>"; };
		A9E83A761A1E824000772103 /* DetailViewController.h */ = {isa = PBXFileReference; lastKnownFileType = sourcecode.c.h; path = DetailViewController.h; sourceTree = "<group>"; };
		A9E83A771A1E824000772103 /* DetailViewController.m */ = {isa = PBXFileReference; lastKnownFileType = sourcecode.c.objc; path = DetailViewController.m; sourceTree = "<group>"; };
		A9E83A7A1A1E824000772103 /* Base */ = {isa = PBXFileReference; lastKnownFileType = file.storyboard; name = Base; path = Base.lproj/Main.storyboard; sourceTree = "<group>"; };
		A9E83A7C1A1E824000772103 /* Images.xcassets */ = {isa = PBXFileReference; lastKnownFileType = folder.assetcatalog; path = Images.xcassets; sourceTree = "<group>"; };
		A9E83A7F1A1E824000772103 /* Base */ = {isa = PBXFileReference; lastKnownFileType = file.xib; name = Base; path = Base.lproj/LaunchScreen.xib; sourceTree = "<group>"; };
		A9E83A851A1E824000772103 /* AMLaTorreTests.xctest */ = {isa = PBXFileReference; explicitFileType = wrapper.cfbundle; includeInIndex = 0; path = AMLaTorreTests.xctest; sourceTree = BUILT_PRODUCTS_DIR; };
		A9E83A8A1A1E824000772103 /* Info.plist */ = {isa = PBXFileReference; lastKnownFileType = text.plist.xml; path = Info.plist; sourceTree = "<group>"; };
		A9E83A8B1A1E824000772103 /* AMLaTorreTests.m */ = {isa = PBXFileReference; lastKnownFileType = sourcecode.c.objc; path = AMLaTorreTests.m; sourceTree = "<group>"; };
		A9E83A971A1E877700772103 /* List.h */ = {isa = PBXFileReference; fileEncoding = 4; lastKnownFileType = sourcecode.c.h; path = List.h; sourceTree = "<group>"; };
		A9E83A981A1E877700772103 /* List.m */ = {isa = PBXFileReference; fileEncoding = 4; lastKnownFileType = sourcecode.c.objc; path = List.m; sourceTree = "<group>"; };
		A9E83A9A1A1E884900772103 /* Parser.h */ = {isa = PBXFileReference; fileEncoding = 4; lastKnownFileType = sourcecode.c.h; path = Parser.h; sourceTree = "<group>"; };
		A9E83A9B1A1E884900772103 /* Parser.m */ = {isa = PBXFileReference; fileEncoding = 4; lastKnownFileType = sourcecode.c.objc; path = Parser.m; sourceTree = "<group>"; };
		A9E83A9D1A1E90DF00772103 /* data.xml */ = {isa = PBXFileReference; fileEncoding = 4; lastKnownFileType = text.xml; path = data.xml; sourceTree = "<group>"; };
/* End PBXFileReference section */

/* Begin PBXFrameworksBuildPhase section */
		A9E83A661A1E824000772103 /* Frameworks */ = {
			isa = PBXFrameworksBuildPhase;
			buildActionMask = 2147483647;
			files = (
			);
			runOnlyForDeploymentPostprocessing = 0;
		};
		A9E83A821A1E824000772103 /* Frameworks */ = {
			isa = PBXFrameworksBuildPhase;
			buildActionMask = 2147483647;
			files = (
			);
			runOnlyForDeploymentPostprocessing = 0;
		};
/* End PBXFrameworksBuildPhase section */

/* Begin PBXGroup section */
		A9E83A601A1E824000772103 = {
			isa = PBXGroup;
			children = (
				A9E83A6B1A1E824000772103 /* AMLaTorre */,
				A9E83A881A1E824000772103 /* AMLaTorreTests */,
				A9E83A6A1A1E824000772103 /* Products */,
			);
			sourceTree = "<group>";
		};
		A9E83A6A1A1E824000772103 /* Products */ = {
			isa = PBXGroup;
			children = (
				A9E83A691A1E824000772103 /* AMLaTorre.app */,
				A9E83A851A1E824000772103 /* AMLaTorreTests.xctest */,
			);
			name = Products;
			sourceTree = "<group>";
		};
		A9E83A6B1A1E824000772103 /* AMLaTorre */ = {
			isa = PBXGroup;
			children = (
				A9E83A9D1A1E90DF00772103 /* data.xml */,
				A9E83A701A1E824000772103 /* AppDelegate.h */,
				A9E83A711A1E824000772103 /* AppDelegate.m */,
				A9E83A971A1E877700772103 /* List.h */,
				A9E83A981A1E877700772103 /* List.m */,
				A9E83A9A1A1E884900772103 /* Parser.h */,
				A9E83A9B1A1E884900772103 /* Parser.m */,
				A9E83A731A1E824000772103 /* MasterViewController.h */,
				A9E83A741A1E824000772103 /* MasterViewController.m */,
				A9E83A761A1E824000772103 /* DetailViewController.h */,
				A9E83A771A1E824000772103 /* DetailViewController.m */,
				A9E83A791A1E824000772103 /* Main.storyboard */,
				A9E83A7C1A1E824000772103 /* Images.xcassets */,
				A9E83A7E1A1E824000772103 /* LaunchScreen.xib */,
				A9E83A6C1A1E824000772103 /* Supporting Files */,
			);
			path = AMLaTorre;
			sourceTree = "<group>";
		};
		A9E83A6C1A1E824000772103 /* Supporting Files */ = {
			isa = PBXGroup;
			children = (
				A9E83A6D1A1E824000772103 /* Info.plist */,
				A9E83A6E1A1E824000772103 /* main.m */,
			);
			name = "Supporting Files";
			sourceTree = "<group>";
		};
		A9E83A881A1E824000772103 /* AMLaTorreTests */ = {
			isa = PBXGroup;
			children = (
				A9E83A8B1A1E824000772103 /* AMLaTorreTests.m */,
				A9E83A891A1E824000772103 /* Supporting Files */,
			);
			path = AMLaTorreTests;
			sourceTree = "<group>";
		};
		A9E83A891A1E824000772103 /* Supporting Files */ = {
			isa = PBXGroup;
			children = (
				A9E83A8A1A1E824000772103 /* Info.plist */,
			);
			name = "Supporting Files";
			sourceTree = "<group>";
		};
/* End PBXGroup section */

/* Begin PBXNativeTarget section */
		A9E83A681A1E824000772103 /* AMLaTorre */ = {
			isa = PBXNativeTarget;
			buildConfigurationList = A9E83A8F1A1E824000772103 /* Build configuration list for PBXNativeTarget "AMLaTorre" */;
			buildPhases = (
				A9E83A651A1E824000772103 /* Sources */,
				A9E83A661A1E824000772103 /* Frameworks */,
				A9E83A671A1E824000772103 /* Resources */,
			);
			buildRules = (
			);
			dependencies = (
			);
			name = AMLaTorre;
			productName = AMLaTorre;
			productReference = A9E83A691A1E824000772103 /* AMLaTorre.app */;
			productType = "com.apple.product-type.application";
		};
		A9E83A841A1E824000772103 /* AMLaTorreTests */ = {
			isa = PBXNativeTarget;
			buildConfigurationList = A9E83A921A1E824000772103 /* Build configuration list for PBXNativeTarget "AMLaTorreTests" */;
			buildPhases = (
				A9E83A811A1E824000772103 /* Sources */,
				A9E83A821A1E824000772103 /* Frameworks */,
				A9E83A831A1E824000772103 /* Resources */,
			);
			buildRules = (
			);
			dependencies = (
				A9E83A871A1E824000772103 /* PBXTargetDependency */,
			);
			name = AMLaTorreTests;
			productName = AMLaTorreTests;
			productReference = A9E83A851A1E824000772103 /* AMLaTorreTests.xctest */;
			productType = "com.apple.product-type.bundle.unit-test";
		};
/* End PBXNativeTarget section */

/* Begin PBXProject section */
		A9E83A611A1E824000772103 /* Project object */ = {
			isa = PBXProject;
			attributes = {
				LastUpgradeCheck = 0610;
				ORGANIZATIONNAME = tmac12;
				TargetAttributes = {
					A9E83A681A1E824000772103 = {
						CreatedOnToolsVersion = 6.1;
					};
					A9E83A841A1E824000772103 = {
						CreatedOnToolsVersion = 6.1;
						TestTargetID = A9E83A681A1E824000772103;
					};
				};
			};
			buildConfigurationList = A9E83A641A1E824000772103 /* Build configuration list for PBXProject "AMLaTorre" */;
			compatibilityVersion = "Xcode 3.2";
			developmentRegion = English;
			hasScannedForEncodings = 0;
			knownRegions = (
				en,
				Base,
			);
			mainGroup = A9E83A601A1E824000772103;
			productRefGroup = A9E83A6A1A1E824000772103 /* Products */;
			projectDirPath = "";
			projectRoot = "";
			targets = (
				A9E83A681A1E824000772103 /* AMLaTorre */,
				A9E83A841A1E824000772103 /* AMLaTorreTests */,
			);
		};
/* End PBXProject section */

/* Begin PBXResourcesBuildPhase section */
		A9E83A671A1E824000772103 /* Resources */ = {
			isa = PBXResourcesBuildPhase;
			buildActionMask = 2147483647;
			files = (
				A9E83A7B1A1E824000772103 /* Main.storyboard in Resources */,
				A9E83A9E1A1E90DF00772103 /* data.xml in Resources */,
				A9E83A801A1E824000772103 /* LaunchScreen.xib in Resources */,
				A9E83A7D1A1E824000772103 /* Images.xcassets in Resources */,
			);
			runOnlyForDeploymentPostprocessing = 0;
		};
		A9E83A831A1E824000772103 /* Resources */ = {
			isa = PBXResourcesBuildPhase;
			buildActionMask = 2147483647;
			files = (
			);
			runOnlyForDeploymentPostprocessing = 0;
		};
/* End PBXResourcesBuildPhase section */

/* Begin PBXSourcesBuildPhase section */
		A9E83A651A1E824000772103 /* Sources */ = {
			isa = PBXSourcesBuildPhase;
			buildActionMask = 2147483647;
			files = (
				A9E83A991A1E877700772103 /* List.m in Sources */,
				A9E83A721A1E824000772103 /* AppDelegate.m in Sources */,
				A9E83A751A1E824000772103 /* MasterViewController.m in Sources */,
				A9E83A6F1A1E824000772103 /* main.m in Sources */,
				A9E83A9C1A1E884900772103 /* Parser.m in Sources */,
				A9E83A781A1E824000772103 /* DetailViewController.m in Sources */,
			);
			runOnlyForDeploymentPostprocessing = 0;
		};
		A9E83A811A1E824000772103 /* Sources */ = {
			isa = PBXSourcesBuildPhase;
			buildActionMask = 2147483647;
			files = (
				A9E83A8C1A1E824000772103 /* AMLaTorreTests.m in Sources */,
			);
			runOnlyForDeploymentPostprocessing = 0;
		};
/* End PBXSourcesBuildPhase section */

/* Begin PBXTargetDependency section */
		A9E83A871A1E824000772103 /* PBXTargetDependency */ = {
			isa = PBXTargetDependency;
			target = A9E83A681A1E824000772103 /* AMLaTorre */;
			targetProxy = A9E83A861A1E824000772103 /* PBXContainerItemProxy */;
		};
/* End PBXTargetDependency section */

/* Begin PBXVariantGroup section */
		A9E83A791A1E824000772103 /* Main.storyboard */ = {
			isa = PBXVariantGroup;
			children = (
				A9E83A7A1A1E824000772103 /* Base */,
			);
			name = Main.storyboard;
			sourceTree = "<group>";
		};
		A9E83A7E1A1E824000772103 /* LaunchScreen.xib */ = {
			isa = PBXVariantGroup;
			children = (
				A9E83A7F1A1E824000772103 /* Base */,
			);
			name = LaunchScreen.xib;
			sourceTree = "<group>";
		};
/* End PBXVariantGroup section */

/* Begin XCBuildConfiguration section */
		A9E83A8D1A1E824000772103 /* Debug */ = {
			isa = XCBuildConfiguration;
			buildSettings = {
				ALWAYS_SEARCH_USER_PATHS = NO;
				CLANG_CXX_LANGUAGE_STANDARD = "gnu++0x";
				CLANG_CXX_LIBRARY = "libc++";
				CLANG_ENABLE_MODULES = YES;
				CLANG_ENABLE_OBJC_ARC = YES;
				CLANG_WARN_BOOL_CONVERSION = YES;
				CLANG_WARN_CONSTANT_CONVERSION = YES;
				CLANG_WARN_DIRECT_OBJC_ISA_USAGE = YES_ERROR;
				CLANG_WARN_EMPTY_BODY = YES;
				CLANG_WARN_ENUM_CONVERSION = YES;
				CLANG_WARN_INT_CONVERSION = YES;
				CLANG_WARN_OBJC_ROOT_CLASS = YES_ERROR;
				CLANG_WARN_UNREACHABLE_CODE = YES;
				CLANG_WARN__DUPLICATE_METHOD_MATCH = YES;
				"CODE_SIGN_IDENTITY[sdk=iphoneos*]" = "iPhone Developer";
				COPY_PHASE_STRIP = NO;
				ENABLE_STRICT_OBJC_MSGSEND = YES;
				GCC_C_LANGUAGE_STANDARD = gnu99;
				GCC_DYNAMIC_NO_PIC = NO;
				GCC_OPTIMIZATION_LEVEL = 0;
				GCC_PREPROCESSOR_DEFINITIONS = (
					"DEBUG=1",
					"$(inherited)",
				);
				GCC_SYMBOLS_PRIVATE_EXTERN = NO;
				GCC_WARN_64_TO_32_BIT_CONVERSION = YES;
				GCC_WARN_ABOUT_RETURN_TYPE = YES_ERROR;
				GCC_WARN_UNDECLARED_SELECTOR = YES;
				GCC_WARN_UNINITIALIZED_AUTOS = YES_AGGRESSIVE;
				GCC_WARN_UNUSED_FUNCTION = YES;
				GCC_WARN_UNUSED_VARIABLE = YES;
				IPHONEOS_DEPLOYMENT_TARGET = 8.1;
				MTL_ENABLE_DEBUG_INFO = YES;
				ONLY_ACTIVE_ARCH = YES;
				SDKROOT = iphoneos;
			};
			name = Debug;
		};
		A9E83A8E1A1E824000772103 /* Release */ = {
			isa = XCBuildConfiguration;
			buildSettings = {
				ALWAYS_SEARCH_USER_PATHS = NO;
				CLANG_CXX_LANGUAGE_STANDARD = "gnu++0x";
				CLANG_CXX_LIBRARY = "libc++";
				CLANG_ENABLE_MODULES = YES;
				CLANG_ENABLE_OBJC_ARC = YES;
				CLANG_WARN_BOOL_CONVERSION = YES;
				CLANG_WARN_CONSTANT_CONVERSION = YES;
				CLANG_WARN_DIRECT_OBJC_ISA_USAGE = YES_ERROR;
				CLANG_WARN_EMPTY_BODY = YES;
				CLANG_WARN_ENUM_CONVERSION = YES;
				CLANG_WARN_INT_CONVERSION = YES;
				CLANG_WARN_OBJC_ROOT_CLASS = YES_ERROR;
				CLANG_WARN_UNREACHABLE_CODE = YES;
				CLANG_WARN__DUPLICATE_METHOD_MATCH = YES;
				"CODE_SIGN_IDENTITY[sdk=iphoneos*]" = "iPhone Developer";
				COPY_PHASE_STRIP = YES;
				ENABLE_NS_ASSERTIONS = NO;
				ENABLE_STRICT_OBJC_MSGSEND = YES;
				GCC_C_LANGUAGE_STANDARD = gnu99;
				GCC_WARN_64_TO_32_BIT_CONVERSION = YES;
				GCC_WARN_ABOUT_RETURN_TYPE = YES_ERROR;
				GCC_WARN_UNDECLARED_SELECTOR = YES;
				GCC_WARN_UNINITIALIZED_AUTOS = YES_AGGRESSIVE;
				GCC_WARN_UNUSED_FUNCTION = YES;
				GCC_WARN_UNUSED_VARIABLE = YES;
				IPHONEOS_DEPLOYMENT_TARGET = 8.1;
				MTL_ENABLE_DEBUG_INFO = NO;
				SDKROOT = iphoneos;
				VALIDATE_PRODUCT = YES;
			};
			name = Release;
		};
		A9E83A901A1E824000772103 /* Debug */ = {
			isa = XCBuildConfiguration;
			buildSettings = {
				ASSETCATALOG_COMPILER_APPICON_NAME = AppIcon;
				INFOPLIST_FILE = AMLaTorre/Info.plist;
				IPHONEOS_DEPLOYMENT_TARGET = 7.1;
				LD_RUNPATH_SEARCH_PATHS = "$(inherited) @executable_path/Frameworks";
				PRODUCT_NAME = "$(TARGET_NAME)";
			};
			name = Debug;
		};
		A9E83A911A1E824000772103 /* Release */ = {
			isa = XCBuildConfiguration;
			buildSettings = {
				ASSETCATALOG_COMPILER_APPICON_NAME = AppIcon;
				INFOPLIST_FILE = AMLaTorre/Info.plist;
				IPHONEOS_DEPLOYMENT_TARGET = 7.1;
				LD_RUNPATH_SEARCH_PATHS = "$(inherited) @executable_path/Frameworks";
				PRODUCT_NAME = "$(TARGET_NAME)";
			};
			name = Release;
		};
		A9E83A931A1E824000772103 /* Debug */ = {
			isa = XCBuildConfiguration;
			buildSettings = {
				BUNDLE_LOADER = "$(TEST_HOST)";
				FRAMEWORK_SEARCH_PATHS = (
					"$(SDKROOT)/Developer/Library/Frameworks",
					"$(inherited)",
				);
				GCC_PREPROCESSOR_DEFINITIONS = (
					"DEBUG=1",
					"$(inherited)",
				);
				INFOPLIST_FILE = AMLaTorreTests/Info.plist;
				LD_RUNPATH_SEARCH_PATHS = "$(inherited) @executable_path/Frameworks @loader_path/Frameworks";
				PRODUCT_NAME = "$(TARGET_NAME)";
				TEST_HOST = "$(BUILT_PRODUCTS_DIR)/AMLaTorre.app/AMLaTorre";
			};
			name = Debug;
		};
		A9E83A941A1E824000772103 /* Release */ = {
			isa = XCBuildConfiguration;
			buildSettings = {
				BUNDLE_LOADER = "$(TEST_HOST)";
				FRAMEWORK_SEARCH_PATHS = (
					"$(SDKROOT)/Developer/Library/Frameworks",
					"$(inherited)",
				);
				INFOPLIST_FILE = AMLaTorreTests/Info.plist;
				LD_RUNPATH_SEARCH_PATHS = "$(inherited) @executable_path/Frameworks @loader_path/Frameworks";
				PRODUCT_NAME = "$(TARGET_NAME)";
				TEST_HOST = "$(BUILT_PRODUCTS_DIR)/AMLaTorre.app/AMLaTorre";
			};
			name = Release;
		};
/* End XCBuildConfiguration section */

/* Begin XCConfigurationList section */
		A9E83A641A1E824000772103 /* Build configuration list for PBXProject "AMLaTorre" */ = {
			isa = XCConfigurationList;
			buildConfigurations = (
				A9E83A8D1A1E824000772103 /* Debug */,
				A9E83A8E1A1E824000772103 /* Release */,
			);
			defaultConfigurationIsVisible = 0;
			defaultConfigurationName = Release;
		};
		A9E83A8F1A1E824000772103 /* Build configuration list for PBXNativeTarget "AMLaTorre" */ = {
			isa = XCConfigurationList;
			buildConfigurations = (
				A9E83A901A1E824000772103 /* Debug */,
				A9E83A911A1E824000772103 /* Release */,
			);
			defaultConfigurationIsVisible = 0;
		};
		A9E83A921A1E824000772103 /* Build configuration list for PBXNativeTarget "AMLaTorreTests" */ = {
			isa = XCConfigurationList;
			buildConfigurations = (
				A9E83A931A1E824000772103 /* Debug */,
				A9E83A941A1E824000772103 /* Release */,
			);
			defaultConfigurationIsVisible = 0;
		};
/* End XCConfigurationList section */
	};
	rootObject = A9E83A611A1E824000772103 /* Project object */;
}
